
Microsoft Visual Studio Solution File, Format Version 12.00
Project("{FAE04EC0-301F-11D3-BF4B-00C04F79EFBC}") = "TinyToolBox.Agents.WebApi", "TinyToolBox.Agents.WebApi\TinyToolBox.Agents.WebApi.csproj", "{8A1C7E8D-5EC9-4CEC-AC97-5AEE56194E4A}"
EndProject
Project("{FAE04EC0-301F-11D3-BF4B-00C04F79EFBC}") = "TinyToolBox.Agents.ConsoleApp", "TinyToolBox.Agents.ConsoleApp\TinyToolBox.Agents.ConsoleApp.csproj", "{9B37692B-383C-4BCE-A648-FF8050CC6EC0}"
EndProject
Project("{FAE04EC0-301F-11D3-BF4B-00C04F79EFBC}") = "TinyToolBox.Agents.Shared", "TinyToolBox.Agents.Shared\TinyToolBox.Agents.Shared.csproj", "{90BBA7EE-674B-417F-9886-EC9B46444847}"
EndProject
Global
	GlobalSection(SolutionConfigurationPlatforms) = preSolution
		Debug|Any CPU = Debug|Any CPU
		Release|Any CPU = Release|Any CPU
	EndGlobalSection
	GlobalSection(ProjectConfigurationPlatforms) = postSolution
		{8A1C7E8D-5EC9-4CEC-AC97-5AEE56194E4A}.Debug|Any CPU.ActiveCfg = Debug|Any CPU
		{8A1C7E8D-5EC9-4CEC-AC97-5AEE56194E4A}.Debug|Any CPU.Build.0 = Debug|Any CPU
		{8A1C7E8D-5EC9-4CEC-AC97-5AEE56194E4A}.Release|Any CPU.ActiveCfg = Release|Any CPU
		{8A1C7E8D-5EC9-4CEC-AC97-5AEE56194E4A}.Release|Any CPU.Build.0 = Release|Any CPU
		{9B37692B-383C-4BCE-A648-FF8050CC6EC0}.Debug|Any CPU.ActiveCfg = Debug|Any CPU
		{9B37692B-383C-4BCE-A648-FF8050CC6EC0}.Debug|Any CPU.Build.0 = Debug|Any CPU
		{9B37692B-383C-4BCE-A648-FF8050CC6EC0}.Release|Any CPU.ActiveCfg = Release|Any CPU
		{9B37692B-383C-4BCE-A648-FF8050CC6EC0}.Release|Any CPU.Build.0 = Release|Any CPU
		{90BBA7EE-674B-417F-9886-EC9B46444847}.Debug|Any CPU.ActiveCfg = Debug|Any CPU
		{90BBA7EE-674B-417F-9886-EC9B46444847}.Debug|Any CPU.Build.0 = Debug|Any CPU
		{90BBA7EE-674B-417F-9886-EC9B46444847}.Release|Any CPU.ActiveCfg = Release|Any CPU
		{90BBA7EE-674B-417F-9886-EC9B46444847}.Release|Any CPU.Build.0 = Release|Any CPU
	EndGlobalSection
EndGlobal
