
Microsoft Visual Studio Solution File, Format Version 12.00
Project("{FAE04EC0-301F-11D3-BF4B-00C04F79EFBC}") = "TinyToolBox.Agents.WebApi", "TinyToolBox.Agents.WebApi\TinyToolBox.Agents.WebApi.csproj", "{8A1C7E8D-5EC9-4CEC-AC97-5AEE56194E4A}"
EndProject
Global
	GlobalSection(SolutionConfigurationPlatforms) = preSolution
		Debug|Any CPU = Debug|Any CPU
		Release|Any CPU = Release|Any CPU
	EndGlobalSection
	GlobalSection(ProjectConfigurationPlatforms) = postSolution
		{8A1C7E8D-5EC9-4CEC-AC97-5AEE56194E4A}.Debug|Any CPU.ActiveCfg = Debug|Any CPU
		{8A1C7E8D-5EC9-4CEC-AC97-5AEE56194E4A}.Debug|Any CPU.Build.0 = Debug|Any CPU
		{8A1C7E8D-5EC9-4CEC-AC97-5AEE56194E4A}.Release|Any CPU.ActiveCfg = Release|Any CPU
		{8A1C7E8D-5EC9-4CEC-AC97-5AEE56194E4A}.Release|Any CPU.Build.0 = Release|Any CPU
	EndGlobalSection
EndGlobal
